{
  "version": "5",
  "specifiers": {
    "npm:@netlify/edge-functions@^2.19.0": "2.19.0"
  },
  "npm": {
    "@babel/code-frame@7.27.1": {
      "integrity": "sha512-cjQ7ZlQ0Mv3b47hABuTevyTuYN4i+loJKGeV9flcCgIK37cCXRh+L1bd3iBHlynerhQ7BhCkn2BPbQUL+rGqFg==",
      "dependencies": [
        "@babel/helper-validator-identifier",
        "js-tokens",
        "picocolors"
      ],
      "tarball": "https://registry.npmmirror.com/@babel/code-frame/-/code-frame-7.27.1.tgz"
    },
    "@babel/helper-validator-identifier@7.27.1": {
      "integrity": "sha512-D2hP9eA+Sqx1kBZgzxZh0y1trbuU+JoDkiEwqhQ36nodYqJwyEIhPSdMNd7lOm/4io72luTPWH20Yda0xOuUow==",
      "tarball": "https://registry.npmmirror.com/@babel/helper-validator-identifier/-/helper-validator-identifier-7.27.1.tgz"
    },
    "@envelop/instrumentation@1.0.0": {
      "integrity": "sha512-cxgkB66RQB95H3X27jlnxCRNTmPuSTgmBAq6/4n2Dtv4hsk4yz8FadA1ggmd0uZzvKqWD6CR+WFgTjhDqg7eyw==",
      "dependencies": [
        "@whatwg-node/promise-helpers",
        "tslib"
      ],
      "tarball": "https://registry.npmmirror.com/@envelop/instrumentation/-/instrumentation-1.0.0.tgz"
    },
    "@esbuild/aix-ppc64@0.25.10": {
      "integrity": "sha512-0NFWnA+7l41irNuaSVlLfgNT12caWJVLzp5eAVhZ0z1qpxbockccEt3s+149rE64VUI3Ml2zt8Nv5JVc4QXTsw==",
      "os": ["aix"],
      "cpu": ["ppc64"],
      "tarball": "https://registry.npmmirror.com/@esbuild/aix-ppc64/-/aix-ppc64-0.25.10.tgz"
    },
    "@esbuild/android-arm64@0.25.10": {
      "integrity": "sha512-LSQa7eDahypv/VO6WKohZGPSJDq5OVOo3UoFR1E4t4Gj1W7zEQMUhI+lo81H+DtB+kP+tDgBp+M4oNCwp6kffg==",
      "os": ["android"],
      "cpu": ["arm64"],
      "tarball": "https://registry.npmmirror.com/@esbuild/android-arm64/-/android-arm64-0.25.10.tgz"
    },
    "@esbuild/android-arm@0.25.10": {
      "integrity": "sha512-dQAxF1dW1C3zpeCDc5KqIYuZ1tgAdRXNoZP7vkBIRtKZPYe2xVr/d3SkirklCHudW1B45tGiUlz2pUWDfbDD4w==",
      "os": ["android"],
      "cpu": ["arm"],
      "tarball": "https://registry.npmmirror.com/@esbuild/android-arm/-/android-arm-0.25.10.tgz"
    },
    "@esbuild/android-x64@0.25.10": {
      "integrity": "sha512-MiC9CWdPrfhibcXwr39p9ha1x0lZJ9KaVfvzA0Wxwz9ETX4v5CHfF09bx935nHlhi+MxhA63dKRRQLiVgSUtEg==",
      "os": ["android"],
      "cpu": ["x64"],
      "tarball": "https://registry.npmmirror.com/@esbuild/android-x64/-/android-x64-0.25.10.tgz"
    },
    "@esbuild/darwin-arm64@0.25.10": {
      "integrity": "sha512-JC74bdXcQEpW9KkV326WpZZjLguSZ3DfS8wrrvPMHgQOIEIG/sPXEN/V8IssoJhbefLRcRqw6RQH2NnpdprtMA==",
      "os": ["darwin"],
      "cpu": ["arm64"],
      "tarball": "https://registry.npmmirror.com/@esbuild/darwin-arm64/-/darwin-arm64-0.25.10.tgz"
    },
    "@esbuild/darwin-x64@0.25.10": {
      "integrity": "sha512-tguWg1olF6DGqzws97pKZ8G2L7Ig1vjDmGTwcTuYHbuU6TTjJe5FXbgs5C1BBzHbJ2bo1m3WkQDbWO2PvamRcg==",
      "os": ["darwin"],
      "cpu": ["x64"],
      "tarball": "https://registry.npmmirror.com/@esbuild/darwin-x64/-/darwin-x64-0.25.10.tgz"
    },
    "@esbuild/freebsd-arm64@0.25.10": {
      "integrity": "sha512-3ZioSQSg1HT2N05YxeJWYR+Libe3bREVSdWhEEgExWaDtyFbbXWb49QgPvFH8u03vUPX10JhJPcz7s9t9+boWg==",
      "os": ["freebsd"],
      "cpu": ["arm64"],
      "tarball": "https://registry.npmmirror.com/@esbuild/freebsd-arm64/-/freebsd-arm64-0.25.10.tgz"
    },
    "@esbuild/freebsd-x64@0.25.10": {
      "integrity": "sha512-LLgJfHJk014Aa4anGDbh8bmI5Lk+QidDmGzuC2D+vP7mv/GeSN+H39zOf7pN5N8p059FcOfs2bVlrRr4SK9WxA==",
      "os": ["freebsd"],
      "cpu": ["x64"],
      "tarball": "https://registry.npmmirror.com/@esbuild/freebsd-x64/-/freebsd-x64-0.25.10.tgz"
    },
    "@esbuild/linux-arm64@0.25.10": {
      "integrity": "sha512-5luJWN6YKBsawd5f9i4+c+geYiVEw20FVW5x0v1kEMWNq8UctFjDiMATBxLvmmHA4bf7F6hTRaJgtghFr9iziQ==",
      "os": ["linux"],
      "cpu": ["arm64"],
      "tarball": "https://registry.npmmirror.com/@esbuild/linux-arm64/-/linux-arm64-0.25.10.tgz"
    },
    "@esbuild/linux-arm@0.25.10": {
      "integrity": "sha512-oR31GtBTFYCqEBALI9r6WxoU/ZofZl962pouZRTEYECvNF/dtXKku8YXcJkhgK/beU+zedXfIzHijSRapJY3vg==",
      "os": ["linux"],
      "cpu": ["arm"],
      "tarball": "https://registry.npmmirror.com/@esbuild/linux-arm/-/linux-arm-0.25.10.tgz"
    },
    "@esbuild/linux-ia32@0.25.10": {
      "integrity": "sha512-NrSCx2Kim3EnnWgS4Txn0QGt0Xipoumb6z6sUtl5bOEZIVKhzfyp/Lyw4C1DIYvzeW/5mWYPBFJU3a/8Yr75DQ==",
      "os": ["linux"],
      "cpu": ["ia32"],
      "tarball": "https://registry.npmmirror.com/@esbuild/linux-ia32/-/linux-ia32-0.25.10.tgz"
    },
    "@esbuild/linux-loong64@0.25.10": {
      "integrity": "sha512-xoSphrd4AZda8+rUDDfD9J6FUMjrkTz8itpTITM4/xgerAZZcFW7Dv+sun7333IfKxGG8gAq+3NbfEMJfiY+Eg==",
      "os": ["linux"],
      "cpu": ["loong64"],
      "tarball": "https://registry.npmmirror.com/@esbuild/linux-loong64/-/linux-loong64-0.25.10.tgz"
    },
    "@esbuild/linux-mips64el@0.25.10": {
      "integrity": "sha512-ab6eiuCwoMmYDyTnyptoKkVS3k8fy/1Uvq7Dj5czXI6DF2GqD2ToInBI0SHOp5/X1BdZ26RKc5+qjQNGRBelRA==",
      "os": ["linux"],
      "cpu": ["mips64el"],
      "tarball": "https://registry.npmmirror.com/@esbuild/linux-mips64el/-/linux-mips64el-0.25.10.tgz"
    },
    "@esbuild/linux-ppc64@0.25.10": {
      "integrity": "sha512-NLinzzOgZQsGpsTkEbdJTCanwA5/wozN9dSgEl12haXJBzMTpssebuXR42bthOF3z7zXFWH1AmvWunUCkBE4EA==",
      "os": ["linux"],
      "cpu": ["ppc64"],
      "tarball": "https://registry.npmmirror.com/@esbuild/linux-ppc64/-/linux-ppc64-0.25.10.tgz"
    },
    "@esbuild/linux-riscv64@0.25.10": {
      "integrity": "sha512-FE557XdZDrtX8NMIeA8LBJX3dC2M8VGXwfrQWU7LB5SLOajfJIxmSdyL/gU1m64Zs9CBKvm4UAuBp5aJ8OgnrA==",
      "os": ["linux"],
      "cpu": ["riscv64"],
      "tarball": "https://registry.npmmirror.com/@esbuild/linux-riscv64/-/linux-riscv64-0.25.10.tgz"
    },
    "@esbuild/linux-s390x@0.25.10": {
      "integrity": "sha512-3BBSbgzuB9ajLoVZk0mGu+EHlBwkusRmeNYdqmznmMc9zGASFjSsxgkNsqmXugpPk00gJ0JNKh/97nxmjctdew==",
      "os": ["linux"],
      "cpu": ["s390x"],
      "tarball": "https://registry.npmmirror.com/@esbuild/linux-s390x/-/linux-s390x-0.25.10.tgz"
    },
    "@esbuild/linux-x64@0.25.10": {
      "integrity": "sha512-QSX81KhFoZGwenVyPoberggdW1nrQZSvfVDAIUXr3WqLRZGZqWk/P4T8p2SP+de2Sr5HPcvjhcJzEiulKgnxtA==",
      "os": ["linux"],
      "cpu": ["x64"],
      "tarball": "https://registry.npmmirror.com/@esbuild/linux-x64/-/linux-x64-0.25.10.tgz"
    },
    "@esbuild/netbsd-arm64@0.25.10": {
      "integrity": "sha512-AKQM3gfYfSW8XRk8DdMCzaLUFB15dTrZfnX8WXQoOUpUBQ+NaAFCP1kPS/ykbbGYz7rxn0WS48/81l9hFl3u4A==",
      "os": ["netbsd"],
      "cpu": ["arm64"],
      "tarball": "https://registry.npmmirror.com/@esbuild/netbsd-arm64/-/netbsd-arm64-0.25.10.tgz"
    },
    "@esbuild/netbsd-x64@0.25.10": {
      "integrity": "sha512-7RTytDPGU6fek/hWuN9qQpeGPBZFfB4zZgcz2VK2Z5VpdUxEI8JKYsg3JfO0n/Z1E/6l05n0unDCNc4HnhQGig==",
      "os": ["netbsd"],
      "cpu": ["x64"],
      "tarball": "https://registry.npmmirror.com/@esbuild/netbsd-x64/-/netbsd-x64-0.25.10.tgz"
    },
    "@esbuild/openbsd-arm64@0.25.10": {
      "integrity": "sha512-5Se0VM9Wtq797YFn+dLimf2Zx6McttsH2olUBsDml+lm0GOCRVebRWUvDtkY4BWYv/3NgzS8b/UM3jQNh5hYyw==",
      "os": ["openbsd"],
      "cpu": ["arm64"],
      "tarball": "https://registry.npmmirror.com/@esbuild/openbsd-arm64/-/openbsd-arm64-0.25.10.tgz"
    },
    "@esbuild/openbsd-x64@0.25.10": {
      "integrity": "sha512-XkA4frq1TLj4bEMB+2HnI0+4RnjbuGZfet2gs/LNs5Hc7D89ZQBHQ0gL2ND6Lzu1+QVkjp3x1gIcPKzRNP8bXw==",
      "os": ["openbsd"],
      "cpu": ["x64"],
      "tarball": "https://registry.npmmirror.com/@esbuild/openbsd-x64/-/openbsd-x64-0.25.10.tgz"
    },
    "@esbuild/openharmony-arm64@0.25.10": {
      "integrity": "sha512-AVTSBhTX8Y/Fz6OmIVBip9tJzZEUcY8WLh7I59+upa5/GPhh2/aM6bvOMQySspnCCHvFi79kMtdJS1w0DXAeag==",
      "os": ["openharmony"],
      "cpu": ["arm64"],
      "tarball": "https://registry.npmmirror.com/@esbuild/openharmony-arm64/-/openharmony-arm64-0.25.10.tgz"
    },
    "@esbuild/sunos-x64@0.25.10": {
      "integrity": "sha512-fswk3XT0Uf2pGJmOpDB7yknqhVkJQkAQOcW/ccVOtfx05LkbWOaRAtn5SaqXypeKQra1QaEa841PgrSL9ubSPQ==",
      "os": ["sunos"],
      "cpu": ["x64"],
      "tarball": "https://registry.npmmirror.com/@esbuild/sunos-x64/-/sunos-x64-0.25.10.tgz"
    },
    "@esbuild/win32-arm64@0.25.10": {
      "integrity": "sha512-ah+9b59KDTSfpaCg6VdJoOQvKjI33nTaQr4UluQwW7aEwZQsbMCfTmfEO4VyewOxx4RaDT/xCy9ra2GPWmO7Kw==",
      "os": ["win32"],
      "cpu": ["arm64"],
      "tarball": "https://registry.npmmirror.com/@esbuild/win32-arm64/-/win32-arm64-0.25.10.tgz"
    },
    "@esbuild/win32-ia32@0.25.10": {
      "integrity": "sha512-QHPDbKkrGO8/cz9LKVnJU22HOi4pxZnZhhA2HYHez5Pz4JeffhDjf85E57Oyco163GnzNCVkZK0b/n4Y0UHcSw==",
      "os": ["win32"],
      "cpu": ["ia32"],
      "tarball": "https://registry.npmmirror.com/@esbuild/win32-ia32/-/win32-ia32-0.25.10.tgz"
    },
    "@esbuild/win32-x64@0.25.10": {
      "integrity": "sha512-9KpxSVFCu0iK1owoez6aC/s/EdUQLDN3adTxGCqxMVhrPDj6bt5dbrHDXUuq+Bs2vATFBBrQS5vdQ/Ed2P+nbw==",
      "os": ["win32"],
      "cpu": ["x64"],
      "tarball": "https://registry.npmmirror.com/@esbuild/win32-x64/-/win32-x64-0.25.10.tgz"
    },
    "@fastify/busboy@3.2.0": {
      "integrity": "sha512-m9FVDXU3GT2ITSe0UaMA5rU3QkfC/UXtCU8y0gSN/GugTqtVldOBWIB5V6V3sbmenVZUIpU6f+mPEO2+m5iTaA==",
      "tarball": "https://registry.npmmirror.com/@fastify/busboy/-/busboy-3.2.0.tgz"
    },
    "@humanwhocodes/momoa@2.0.4": {
      "integrity": "sha512-RE815I4arJFtt+FVeU1Tgp9/Xvecacji8w/V6XtXsWWH/wz/eNkNbhb+ny/+PlVZjV0rxQpRSQKNKE3lcktHEA==",
      "tarball": "https://registry.npmmirror.com/@humanwhocodes/momoa/-/momoa-2.0.4.tgz"
    },
    "@import-maps/resolve@2.0.0": {
      "integrity": "sha512-RwzRTpmrrS6Q1ZhQExwuxJGK1Wqhv4stt+OF2JzS+uawewpwNyU7EJL1WpBex7aDiiGLs4FsXGkfUBdYuX7xiQ==",
      "tarball": "https://registry.npmmirror.com/@import-maps/resolve/-/resolve-2.0.0.tgz"
    },
    "@isaacs/fs-minipass@4.0.1": {
      "integrity": "sha512-wgm9Ehl2jpeqP3zw/7mo3kRHFp5MEDhqAdwy1fTGkHAwnkGOVsgpvQhL8B5n1qlb01jV3n/bI0ZfZp5lWA1k4w==",
      "dependencies": [
        "minipass"
      ],
      "tarball": "https://registry.npmmirror.com/@isaacs/fs-minipass/-/fs-minipass-4.0.1.tgz"
    },
    "@netlify/dev-utils@4.3.0": {
      "integrity": "sha512-vZAL8pMuj3yPQlmHSgyaA/UQFxc6pZgU0LucFJ1+IPWGJtIzBXHRvuR4acpoP72HtyQPUHJ42s7U9GaaSGVNHg==",
      "dependencies": [
        "@whatwg-node/server",
        "ansis",
        "chokidar",
        "decache",
        "dettle",
        "dot-prop",
        "empathic",
        "env-paths",
        "image-size",
        "js-image-generator",
        "parse-gitignore",
        "semver",
        "tmp-promise",
        "uuid",
        "write-file-atomic"
      ],
      "tarball": "https://registry.npmmirror.com/@netlify/dev-utils/-/dev-utils-4.3.0.tgz"
    },
    "@netlify/edge-bundler@14.5.6_ajv@8.17.1": {
      "integrity": "sha512-00uOZIOFsoWKa04osBvQ763oAFZDtAGSIjlywU0TS/lZTQCVEs6k39yJz8v4UEhXvK5MCThiFv+tnlpTNJn3fQ==",
      "dependencies": [
        "@import-maps/resolve",
        "ajv",
        "ajv-errors",
        "better-ajv-errors",
        "common-path-prefix",
        "env-paths",
        "esbuild",
        "execa",
        "find-up",
        "get-port",
        "node-stream-zip",
        "p-retry",
        "p-wait-for",
        "parse-imports",
        "path-key@4.0.0",
        "semver",
        "tar",
        "tmp-promise",
        "urlpattern-polyfill@8.0.2",
        "uuid"
      ],
      "tarball": "https://registry.npmmirror.com/@netlify/edge-bundler/-/edge-bundler-14.5.6.tgz"
    },
    "@netlify/edge-functions-bootstrap@2.16.0": {
      "integrity": "sha512-v8QQihSbBHj3JxtJsHoepXALpNumD9M7egHoc8z62FYl5it34dWczkaJoFFopEyhiBVKi4K/n0ZYpdzwfujd6g==",
      "tarball": "https://registry.npmmirror.com/@netlify/edge-functions-bootstrap/-/edge-functions-bootstrap-2.16.0.tgz"
    },
    "@netlify/edge-functions@2.19.0": {
      "integrity": "sha512-OsTi1Ch59MRmr0/8QUqPADbtpcoGapBU7NLScfax1tKi43tTIleZRynIKlY4fx2X7orJc4tzU+zErf1JXOQZ8A==",
      "dependencies": [
        "@netlify/dev-utils",
        "@netlify/edge-bundler",
        "@netlify/edge-functions-bootstrap",
        "@netlify/runtime-utils",
        "@netlify/types",
        "get-port"
      ],
      "tarball": "https://registry.npmmirror.com/@netlify/edge-functions/-/edge-functions-2.19.0.tgz"
    },
    "@netlify/runtime-utils@2.2.0": {
      "integrity": "sha512-K3kWIxIMucibzQsATU2xw2JI+OpS9PZfPW/a+81gmeLC8tLv5YAxTVT0NFY/3imk1kcOJb9g7658jPLqDJaiAw==",
      "tarball": "https://registry.npmmirror.com/@netlify/runtime-utils/-/runtime-utils-2.2.0.tgz"
    },
    "@netlify/types@2.1.0": {
      "integrity": "sha512-ktUb5d58pt1lQGXO5E9S0F1ljM0g+CoQuGTVII0IxBc0apmPq5RI0o3OWLY7U3ZERRiYTg5UfjiMihBEzuZsuw==",
      "tarball": "https://registry.npmmirror.com/@netlify/types/-/types-2.1.0.tgz"
    },
    "@types/retry@0.12.2": {
      "integrity": "sha512-XISRgDJ2Tc5q4TRqvgJtzsRkFYNJzZrhTdtMoGVBttwzzQJkPnS3WWTFc7kuDRoPtPakl+T+OfdEUjYJj7Jbow==",
      "tarball": "https://registry.npmmirror.com/@types/retry/-/retry-0.12.2.tgz"
    },
    "@whatwg-node/disposablestack@0.0.6": {
      "integrity": "sha512-LOtTn+JgJvX8WfBVJtF08TGrdjuFzGJc4mkP8EdDI8ADbvO7kiexYep1o8dwnt0okb0jYclCDXF13xU7Ge4zSw==",
      "dependencies": [
        "@whatwg-node/promise-helpers",
        "tslib"
      ],
      "tarball": "https://registry.npmmirror.com/@whatwg-node/disposablestack/-/disposablestack-0.0.6.tgz"
    },
    "@whatwg-node/fetch@0.10.11": {
      "integrity": "sha512-eR8SYtf9Nem1Tnl0IWrY33qJ5wCtIWlt3Fs3c6V4aAaTFLtkEQErXu3SSZg/XCHrj9hXSJ8/8t+CdMk5Qec/ZA==",
      "dependencies": [
        "@whatwg-node/node-fetch",
        "urlpattern-polyfill@10.1.0"
      ],
      "tarball": "https://registry.npmmirror.com/@whatwg-node/fetch/-/fetch-0.10.11.tgz"
    },
    "@whatwg-node/node-fetch@0.8.1": {
      "integrity": "sha512-cQmQEo7IsI0EPX9VrwygXVzrVlX43Jb7/DBZSmpnC7xH4xkyOnn/HykHpTaQk7TUs7zh59A5uTGqx3p2Ouzffw==",
      "dependencies": [
        "@fastify/busboy",
        "@whatwg-node/disposablestack",
        "@whatwg-node/promise-helpers",
        "tslib"
      ],
      "tarball": "https://registry.npmmirror.com/@whatwg-node/node-fetch/-/node-fetch-0.8.1.tgz"
    },
    "@whatwg-node/promise-helpers@1.3.2": {
      "integrity": "sha512-Nst5JdK47VIl9UcGwtv2Rcgyn5lWtZ0/mhRQ4G8NN2isxpq2TO30iqHzmwoJycjWuyUfg3GFXqP/gFHXeV57IA==",
      "dependencies": [
        "tslib"
      ],
      "tarball": "https://registry.npmmirror.com/@whatwg-node/promise-helpers/-/promise-helpers-1.3.2.tgz"
    },
    "@whatwg-node/server@0.10.13": {
      "integrity": "sha512-Otmxo+0mp8az3B48pLI1I4msNOXPIoP7TLm6h5wOEQmynqHt8oP9nR6NJUeJk6iI5OtFpQtkbJFwfGkmplvc3Q==",
      "dependencies": [
        "@envelop/instrumentation",
        "@whatwg-node/disposablestack",
        "@whatwg-node/fetch",
        "@whatwg-node/promise-helpers",
        "tslib"
      ],
      "tarball": "https://registry.npmmirror.com/@whatwg-node/server/-/server-0.10.13.tgz"
    },
    "ajv-errors@3.0.0_ajv@8.17.1": {
      "integrity": "sha512-V3wD15YHfHz6y0KdhYFjyy9vWtEVALT9UrxfN3zqlI6dMioHnJrqOYfyPKol3oqrnCM9uwkcdCwkJ0WUcbLMTQ==",
      "dependencies": [
        "ajv"
      ],
      "tarball": "https://registry.npmmirror.com/ajv-errors/-/ajv-errors-3.0.0.tgz"
    },
    "ajv@8.17.1": {
      "integrity": "sha512-B/gBuNg5SiMTrPkC+A2+cW0RszwxYmn6VYxB/inlBStS5nx6xHIt/ehKRhIMhqusl7a8LjQoZnjCs5vhwxOQ1g==",
      "dependencies": [
        "fast-deep-equal",
        "fast-uri",
        "json-schema-traverse",
        "require-from-string"
      ],
      "tarball": "https://registry.npmmirror.com/ajv/-/ajv-8.17.1.tgz"
    },
    "ansi-styles@4.3.0": {
      "integrity": "sha512-zbB9rCJAT1rbjiVDb2hqKFHNYLxgtk8NURxZ3IZwD3F6NtxbXZQCnnSi1Lkx+IDohdPlFp222wVALIheZJQSEg==",
      "dependencies": [
        "color-convert"
      ],
      "tarball": "https://registry.npmmirror.com/ansi-styles/-/ansi-styles-4.3.0.tgz"
    },
    "ansis@4.2.0": {
      "integrity": "sha512-HqZ5rWlFjGiV0tDm3UxxgNRqsOTniqoKZu0pIAfh7TZQMGuZK+hH0drySty0si0QXj1ieop4+SkSfPZBPPkHig==",
      "tarball": "https://registry.npmmirror.com/ansis/-/ansis-4.2.0.tgz"
    },
    "better-ajv-errors@1.2.0_ajv@8.17.1": {
      "integrity": "sha512-UW+IsFycygIo7bclP9h5ugkNH8EjCSgqyFB/yQ4Hqqa1OEYDtb0uFIkYE0b6+CjkgJYVM5UKI/pJPxjYe9EZlA==",
      "dependencies": [
        "@babel/code-frame",
        "@humanwhocodes/momoa",
        "ajv",
        "chalk",
        "jsonpointer",
        "leven"
      ],
      "tarball": "https://registry.npmmirror.com/better-ajv-errors/-/better-ajv-errors-1.2.0.tgz"
    },
    "callsite@1.0.0": {
      "integrity": "sha512-0vdNRFXn5q+dtOqjfFtmtlI9N2eVZ7LMyEV2iKC5mEEFvSg/69Ml6b/WU2qF8W1nLRa0wiSrDT3Y5jOHZCwKPQ==",
      "tarball": "https://registry.npmmirror.com/callsite/-/callsite-1.0.0.tgz"
    },
    "chalk@4.1.2": {
      "integrity": "sha512-oKnbhFyRIXpUuez8iBMmyEa4nbj4IOQyuhc/wy9kY7/WVPcwIO9VA668Pu8RkO7+0G76SLROeyw9CpQ061i4mA==",
      "dependencies": [
        "ansi-styles",
        "supports-color"
      ],
      "tarball": "https://registry.npmmirror.com/chalk/-/chalk-4.1.2.tgz"
    },
    "chokidar@4.0.3": {
      "integrity": "sha512-Qgzu8kfBvo+cA4962jnP1KkS6Dop5NS6g7R5LFYJr4b8Ub94PPQXUksCw9PvXoeXPRRddRNC5C1JQUR2SMGtnA==",
      "dependencies": [
        "readdirp"
      ],
      "tarball": "https://registry.npmmirror.com/chokidar/-/chokidar-4.0.3.tgz"
    },
    "chownr@3.0.0": {
      "integrity": "sha512-+IxzY9BZOQd/XuYPRmrvEVjF/nqj5kgT4kEq7VofrDoM1MxoRjEWkrCC3EtLi59TVawxTAn+orJwFQcrqEN1+g==",
      "tarball": "https://registry.npmmirror.com/chownr/-/chownr-3.0.0.tgz"
    },
    "color-convert@2.0.1": {
      "integrity": "sha512-RRECPsj7iu/xb5oKYcsFHSppFNnsj/52OVTRKb4zP5onXwVF3zVmmToNcOfGC+CRDpfK/U584fMg38ZHCaElKQ==",
      "dependencies": [
        "color-name"
      ],
      "tarball": "https://registry.npmmirror.com/color-convert/-/color-convert-2.0.1.tgz"
    },
    "color-name@1.1.4": {
      "integrity": "sha512-dOy+3AuW3a2wNbZHIuMZpTcgjGuLU/uBL/ubcZF9OXbDo8ff4O8yVp5Bf0efS8uEoYo5q4Fx7dY9OgQGXgAsQA==",
      "tarball": "https://registry.npmmirror.com/color-name/-/color-name-1.1.4.tgz"
    },
    "common-path-prefix@3.0.0": {
      "integrity": "sha512-QE33hToZseCH3jS0qN96O/bSh3kaw/h+Tq7ngyY9eWDUnTlTNUyqfqvCXioLe5Na5jFsL78ra/wuBU4iuEgd4w==",
      "tarball": "https://registry.npmmirror.com/common-path-prefix/-/common-path-prefix-3.0.0.tgz"
    },
    "cross-spawn@7.0.6": {
      "integrity": "sha512-uV2QOWP2nWzsy2aMp8aRibhi9dlzF5Hgh5SHaB9OiTGEyDTiJJyx0uy51QXdyWbtAHNua4XJzUKca3OzKUd3vA==",
      "dependencies": [
        "path-key@3.1.1",
        "shebang-command",
        "which"
      ],
      "tarball": "https://registry.npmmirror.com/cross-spawn/-/cross-spawn-7.0.6.tgz"
    },
    "decache@4.6.2": {
      "integrity": "sha512-2LPqkLeu8XWHU8qNCS3kcF6sCcb5zIzvWaAHYSvPfwhdd7mHuah29NssMzrTYyHN4F5oFy2ko9OBYxegtU0FEw==",
      "dependencies": [
        "callsite"
      ],
      "tarball": "https://registry.npmmirror.com/decache/-/decache-4.6.2.tgz"
    },
    "dettle@1.0.5": {
      "integrity": "sha512-ZVyjhAJ7sCe1PNXEGveObOH9AC8QvMga3HJIghHawtG7mE4K5pW9nz/vDGAr/U7a3LWgdOzEE7ac9MURnyfaTA==",
      "tarball": "https://registry.npmmirror.com/dettle/-/dettle-1.0.5.tgz"
    },
    "dot-prop@9.0.0": {
      "integrity": "sha512-1gxPBJpI/pcjQhKgIU91II6Wkay+dLcN3M6rf2uwP8hRur3HtQXjVrdAK3sjC0piaEuxzMwjXChcETiJl47lAQ==",
      "dependencies": [
        "type-fest"
      ],
      "tarball": "https://registry.npmmirror.com/dot-prop/-/dot-prop-9.0.0.tgz"
    },
    "empathic@2.0.0": {
      "integrity": "sha512-i6UzDscO/XfAcNYD75CfICkmfLedpyPDdozrLMmQc5ORaQcdMoc21OnlEylMIqI7U8eniKrPMxxtj8k0vhmJhA==",
      "tarball": "https://registry.npmmirror.com/empathic/-/empathic-2.0.0.tgz"
    },
    "env-paths@3.0.0": {
      "integrity": "sha512-dtJUTepzMW3Lm/NPxRf3wP4642UWhjL2sQxc+ym2YMj1m/H2zDNQOlezafzkHwn6sMstjHTwG6iQQsctDW/b1A==",
      "tarball": "https://registry.npmmirror.com/env-paths/-/env-paths-3.0.0.tgz"
    },
    "es-module-lexer@1.7.0": {
      "integrity": "sha512-jEQoCwk8hyb2AZziIOLhDqpm5+2ww5uIE6lkO/6jcOCusfk6LhMHpXXfBLXTZ7Ydyt0j4VoUQv6uGNYbdW+kBA==",
      "tarball": "https://registry.npmmirror.com/es-module-lexer/-/es-module-lexer-1.7.0.tgz"
    },
    "esbuild@0.25.10": {
      "integrity": "sha512-9RiGKvCwaqxO2owP61uQ4BgNborAQskMR6QusfWzQqv7AZOg5oGehdY2pRJMTKuwxd1IDBP4rSbI5lHzU7SMsQ==",
      "optionalDependencies": [
        "@esbuild/aix-ppc64",
        "@esbuild/android-arm",
        "@esbuild/android-arm64",
        "@esbuild/android-x64",
        "@esbuild/darwin-arm64",
        "@esbuild/darwin-x64",
        "@esbuild/freebsd-arm64",
        "@esbuild/freebsd-x64",
        "@esbuild/linux-arm",
        "@esbuild/linux-arm64",
        "@esbuild/linux-ia32",
        "@esbuild/linux-loong64",
        "@esbuild/linux-mips64el",
        "@esbuild/linux-ppc64",
        "@esbuild/linux-riscv64",
        "@esbuild/linux-s390x",
        "@esbuild/linux-x64",
        "@esbuild/netbsd-arm64",
        "@esbuild/netbsd-x64",
        "@esbuild/openbsd-arm64",
        "@esbuild/openbsd-x64",
        "@esbuild/openharmony-arm64",
        "@esbuild/sunos-x64",
        "@esbuild/win32-arm64",
        "@esbuild/win32-ia32",
        "@esbuild/win32-x64"
      ],
      "scripts": true,
      "bin": true,
      "tarball": "https://registry.npmmirror.com/esbuild/-/esbuild-0.25.10.tgz"
    },
    "execa@8.0.1": {
      "integrity": "sha512-VyhnebXciFV2DESc+p6B+y0LjSm0krU4OgJN44qFAhBY0TJ+1V61tYD2+wHusZ6F9n5K+vl8k0sTy7PEfV4qpg==",
      "dependencies": [
        "cross-spawn",
        "get-stream",
        "human-signals",
        "is-stream",
        "merge-stream",
        "npm-run-path",
        "onetime",
        "signal-exit",
        "strip-final-newline"
      ],
      "tarball": "https://registry.npmmirror.com/execa/-/execa-8.0.1.tgz"
    },
    "fast-deep-equal@3.1.3": {
      "integrity": "sha512-f3qQ9oQy9j2AhBe/H9VC91wLmKBCCU/gDOnKNAYG5hswO7BLKj09Hc5HYNz9cGI++xlpDCIgDaitVs03ATR84Q==",
      "tarball": "https://registry.npmmirror.com/fast-deep-equal/-/fast-deep-equal-3.1.3.tgz"
    },
    "fast-uri@3.1.0": {
      "integrity": "sha512-iPeeDKJSWf4IEOasVVrknXpaBV0IApz/gp7S2bb7Z4Lljbl2MGJRqInZiUrQwV16cpzw/D3S5j5Julj/gT52AA==",
      "tarball": "https://registry.npmmirror.com/fast-uri/-/fast-uri-3.1.0.tgz"
    },
    "find-up@7.0.0": {
      "integrity": "sha512-YyZM99iHrqLKjmt4LJDj58KI+fYyufRLBSYcqycxf//KpBk9FoewoGX0450m9nB44qrZnovzC2oeP5hUibxc/g==",
      "dependencies": [
        "locate-path",
        "path-exists",
        "unicorn-magic"
      ],
      "tarball": "https://registry.npmmirror.com/find-up/-/find-up-7.0.0.tgz"
    },
    "get-port@7.1.0": {
      "integrity": "sha512-QB9NKEeDg3xxVwCCwJQ9+xycaz6pBB6iQ76wiWMl1927n0Kir6alPiP+yuiICLLU4jpMe08dXfpebuQppFA2zw==",
      "tarball": "https://registry.npmmirror.com/get-port/-/get-port-7.1.0.tgz"
    },
    "get-stream@8.0.1": {
      "integrity": "sha512-VaUJspBffn/LMCJVoMvSAdmscJyS1auj5Zulnn5UoYcY531UWmdwhRWkcGKnGU93m5HSXP9LP2usOryrBtQowA==",
      "tarball": "https://registry.npmmirror.com/get-stream/-/get-stream-8.0.1.tgz"
    },
    "has-flag@4.0.0": {
      "integrity": "sha512-EykJT/Q1KjTWctppgIAgfSO0tKVuZUjhgMr17kqTumMl6Afv3EISleU7qZUzoXDFTAHTDC4NOoG/ZxU3EvlMPQ==",
      "tarball": "https://registry.npmmirror.com/has-flag/-/has-flag-4.0.0.tgz"
    },
    "human-signals@5.0.0": {
      "integrity": "sha512-AXcZb6vzzrFAUE61HnN4mpLqd/cSIwNQjtNWR0euPm6y0iqx3G4gOXaIDdtdDwZmhwe82LA6+zinmW4UBWVePQ==",
      "tarball": "https://registry.npmmirror.com/human-signals/-/human-signals-5.0.0.tgz"
    },
    "image-size@2.0.2": {
      "integrity": "sha512-IRqXKlaXwgSMAMtpNzZa1ZAe8m+Sa1770Dhk8VkSsP9LS+iHD62Zd8FQKs8fbPiagBE7BzoFX23cxFnwshpV6w==",
      "bin": true,
      "tarball": "https://registry.npmmirror.com/image-size/-/image-size-2.0.2.tgz"
    },
    "imurmurhash@0.1.4": {
      "integrity": "sha512-JmXMZ6wuvDmLiHEml9ykzqO6lwFbof0GG4IkcGaENdCRDDmMVnny7s5HsIgHCbaq0w2MyPhDqkhTUgS2LU2PHA==",
      "tarball": "https://registry.npmmirror.com/imurmurhash/-/imurmurhash-0.1.4.tgz"
    },
    "is-network-error@1.3.0": {
      "integrity": "sha512-6oIwpsgRfnDiyEDLMay/GqCl3HoAtH5+RUKW29gYkL0QA+ipzpDLA16yQs7/RHCSu+BwgbJaOUqa4A99qNVQVw==",
      "tarball": "https://registry.npmmirror.com/is-network-error/-/is-network-error-1.3.0.tgz"
    },
    "is-stream@3.0.0": {
      "integrity": "sha512-LnQR4bZ9IADDRSkvpqMGvt/tEJWclzklNgSw48V5EAaAeDd6qGvN8ei6k5p0tvxSR171VmGyHuTiAOfxAbr8kA==",
      "tarball": "https://registry.npmmirror.com/is-stream/-/is-stream-3.0.0.tgz"
    },
    "isexe@2.0.0": {
      "integrity": "sha512-RHxMLp9lnKHGHRng9QFhRCMbYAcVpn69smSGcq3f36xjgVVWThj4qqLbTLlq7Ssj8B+fIQ1EuCEGI2lKsyQeIw==",
      "tarball": "https://registry.npmmirror.com/isexe/-/isexe-2.0.0.tgz"
    },
    "jpeg-js@0.4.4": {
      "integrity": "sha512-WZzeDOEtTOBK4Mdsar0IqEU5sMr3vSV2RqkAIzUEV2BHnUfKGyswWFPFwK5EeDo93K3FohSHbLAjj0s1Wzd+dg==",
      "tarball": "https://registry.npmmirror.com/jpeg-js/-/jpeg-js-0.4.4.tgz"
    },
    "js-image-generator@1.0.4": {
      "integrity": "sha512-ckb7kyVojGAnArouVR+5lBIuwU1fcrn7E/YYSd0FK7oIngAkMmRvHASLro9Zt5SQdWToaI66NybG+OGxPw/HlQ==",
      "dependencies": [
        "jpeg-js"
      ],
      "tarball": "https://registry.npmmirror.com/js-image-generator/-/js-image-generator-1.0.4.tgz"
    },
    "js-tokens@4.0.0": {
      "integrity": "sha512-RdJUflcE3cUzKiMqQgsCu06FPu9UdIJO0beYbPhHN4k6apgJtifcoCtT9bcxOpYBtpD2kCM6Sbzg4CausW/PKQ==",
      "tarball": "https://registry.npmmirror.com/js-tokens/-/js-tokens-4.0.0.tgz"
    },
    "json-schema-traverse@1.0.0": {
      "integrity": "sha512-NM8/P9n3XjXhIZn1lLhkFaACTOURQXjWhV4BA/RnOv8xvgqtqpAX9IO4mRQxSx1Rlo4tqzeqb0sOlruaOy3dug==",
      "tarball": "https://registry.npmmirror.com/json-schema-traverse/-/json-schema-traverse-1.0.0.tgz"
    },
    "jsonpointer@5.0.1": {
      "integrity": "sha512-p/nXbhSEcu3pZRdkW1OfJhpsVtW1gd4Wa1fnQc9YLiTfAjn0312eMKimbdIQzuZl9aa9xUGaRlP9T/CJE/ditQ==",
      "tarball": "https://registry.npmmirror.com/jsonpointer/-/jsonpointer-5.0.1.tgz"
    },
    "leven@3.1.0": {
      "integrity": "sha512-qsda+H8jTaUaN/x5vzW2rzc+8Rw4TAQ/4KjB46IwK5VH+IlVeeeje/EoZRpiXvIqjFgK84QffqPztGI3VBLG1A==",
      "tarball": "https://registry.npmmirror.com/leven/-/leven-3.1.0.tgz"
    },
    "locate-path@7.2.0": {
      "integrity": "sha512-gvVijfZvn7R+2qyPX8mAuKcFGDf6Nc61GdvGafQsHL0sBIxfKzA+usWn4GFC/bk+QdwPUD4kWFJLhElipq+0VA==",
      "dependencies": [
        "p-locate"
      ],
      "tarball": "https://registry.npmmirror.com/locate-path/-/locate-path-7.2.0.tgz"
    },
    "merge-stream@2.0.0": {
      "integrity": "sha512-abv/qOcuPfk3URPfDzmZU1LKmuw8kT+0nIHvKrKgFrwifol/doWcdA4ZqsWQ8ENrFKkd67Mfpo/LovbIUsbt3w==",
      "tarball": "https://registry.npmmirror.com/merge-stream/-/merge-stream-2.0.0.tgz"
    },
    "mimic-fn@4.0.0": {
      "integrity": "sha512-vqiC06CuhBTUdZH+RYl8sFrL096vA45Ok5ISO6sE/Mr1jRbGH4Csnhi8f3wKVl7x8mO4Au7Ir9D3Oyv1VYMFJw==",
      "tarball": "https://registry.npmmirror.com/mimic-fn/-/mimic-fn-4.0.0.tgz"
    },
    "minipass@7.1.2": {
      "integrity": "sha512-qOOzS1cBTWYF4BH8fVePDBOO9iptMnGUEZwNc/cMWnTV2nVLZ7VoNWEPHkYczZA0pdoA7dl6e7FL659nX9S2aw==",
      "tarball": "https://registry.npmmirror.com/minipass/-/minipass-7.1.2.tgz"
    },
    "minizlib@3.1.0": {
      "integrity": "sha512-KZxYo1BUkWD2TVFLr0MQoM8vUUigWD3LlD83a/75BqC+4qE0Hb1Vo5v1FgcfaNXvfXzr+5EhQ6ing/CaBijTlw==",
      "dependencies": [
        "minipass"
      ],
      "tarball": "https://registry.npmmirror.com/minizlib/-/minizlib-3.1.0.tgz"
    },
    "node-stream-zip@1.15.0": {
      "integrity": "sha512-LN4fydt9TqhZhThkZIVQnF9cwjU3qmUH9h78Mx/K7d3VvfRqqwthLwJEUOEL0QPZ0XQmNN7be5Ggit5+4dq3Bw==",
      "tarball": "https://registry.npmmirror.com/node-stream-zip/-/node-stream-zip-1.15.0.tgz"
    },
    "npm-run-path@5.3.0": {
      "integrity": "sha512-ppwTtiJZq0O/ai0z7yfudtBpWIoxM8yE6nHi1X47eFR2EWORqfbu6CnPlNsjeN683eT0qG6H/Pyf9fCcvjnnnQ==",
      "dependencies": [
        "path-key@4.0.0"
      ],
      "tarball": "https://registry.npmmirror.com/npm-run-path/-/npm-run-path-5.3.0.tgz"
    },
    "onetime@6.0.0": {
      "integrity": "sha512-1FlR+gjXK7X+AsAHso35MnyN5KqGwJRi/31ft6x0M194ht7S+rWAvd7PHss9xSKMzE0asv1pyIHaJYq+BbacAQ==",
      "dependencies": [
        "mimic-fn"
      ],
      "tarball": "https://registry.npmmirror.com/onetime/-/onetime-6.0.0.tgz"
    },
    "p-limit@4.0.0": {
      "integrity": "sha512-5b0R4txpzjPWVw/cXXUResoD4hb6U/x9BH08L7nw+GN1sezDzPdxeRvpc9c433fZhBan/wusjbCsqwqm4EIBIQ==",
      "dependencies": [
        "yocto-queue"
      ],
      "tarball": "https://registry.npmmirror.com/p-limit/-/p-limit-4.0.0.tgz"
    },
    "p-locate@6.0.0": {
      "integrity": "sha512-wPrq66Llhl7/4AGC6I+cqxT07LhXvWL08LNXz1fENOw0Ap4sRZZ/gZpTTJ5jpurzzzfS2W/Ge9BY3LgLjCShcw==",
      "dependencies": [
        "p-limit"
      ],
      "tarball": "https://registry.npmmirror.com/p-locate/-/p-locate-6.0.0.tgz"
    },
    "p-retry@6.2.1": {
      "integrity": "sha512-hEt02O4hUct5wtwg4H4KcWgDdm+l1bOaEy/hWzd8xtXB9BqxTWBBhb+2ImAtH4Cv4rPjV76xN3Zumqk3k3AhhQ==",
      "dependencies": [
        "@types/retry",
        "is-network-error",
        "retry"
      ],
      "tarball": "https://registry.npmmirror.com/p-retry/-/p-retry-6.2.1.tgz"
    },
    "p-timeout@6.1.4": {
      "integrity": "sha512-MyIV3ZA/PmyBN/ud8vV9XzwTrNtR4jFrObymZYnZqMmW0zA8Z17vnT0rBgFE/TlohB+YCHqXMgZzb3Csp49vqg==",
      "tarball": "https://registry.npmmirror.com/p-timeout/-/p-timeout-6.1.4.tgz"
    },
    "p-wait-for@5.0.2": {
      "integrity": "sha512-lwx6u1CotQYPVju77R+D0vFomni/AqRfqLmqQ8hekklqZ6gAY9rONh7lBQ0uxWMkC2AuX9b2DVAl8To0NyP1JA==",
      "dependencies": [
        "p-timeout"
      ],
      "tarball": "https://registry.npmmirror.com/p-wait-for/-/p-wait-for-5.0.2.tgz"
    },
    "parse-gitignore@2.0.0": {
      "integrity": "sha512-RmVuCHWsfu0QPNW+mraxh/xjQVw/lhUCUru8Zni3Ctq3AoMhpDTq0OVdKS6iesd6Kqb7viCV3isAL43dciOSog==",
      "tarball": "https://registry.npmmirror.com/parse-gitignore/-/parse-gitignore-2.0.0.tgz"
    },
    "parse-imports@2.2.1": {
      "integrity": "sha512-OL/zLggRp8mFhKL0rNORUTR4yBYujK/uU+xZL+/0Rgm2QE4nLO9v8PzEweSJEbMGKmDRjJE4R3IMJlL2di4JeQ==",
      "dependencies": [
        "es-module-lexer",
        "slashes"
      ],
      "tarball": "https://registry.npmmirror.com/parse-imports/-/parse-imports-2.2.1.tgz"
    },
    "path-exists@5.0.0": {
      "integrity": "sha512-RjhtfwJOxzcFmNOi6ltcbcu4Iu+FL3zEj83dk4kAS+fVpTxXLO1b38RvJgT/0QwvV/L3aY9TAnyv0EOqW4GoMQ==",
      "tarball": "https://registry.npmmirror.com/path-exists/-/path-exists-5.0.0.tgz"
    },
    "path-key@3.1.1": {
      "integrity": "sha512-ojmeN0qd+y0jszEtoY48r0Peq5dwMEkIlCOu6Q5f41lfkswXuKtYrhgoTpLnyIcHm24Uhqx+5Tqm2InSwLhE6Q==",
      "tarball": "https://registry.npmmirror.com/path-key/-/path-key-3.1.1.tgz"
    },
    "path-key@4.0.0": {
      "integrity": "sha512-haREypq7xkM7ErfgIyA0z+Bj4AGKlMSdlQE2jvJo6huWD1EdkKYV+G/T4nq0YEF2vgTT8kqMFKo1uHn950r4SQ==",
      "tarball": "https://registry.npmmirror.com/path-key/-/path-key-4.0.0.tgz"
    },
    "picocolors@1.1.1": {
      "integrity": "sha512-xceH2snhtb5M9liqDsmEw56le376mTZkEX/jEb/RxNFyegNul7eNslCXP9FDj/Lcu0X8KEyMceP2ntpaHrDEVA==",
      "tarball": "https://registry.npmmirror.com/picocolors/-/picocolors-1.1.1.tgz"
    },
    "readdirp@4.1.2": {
      "integrity": "sha512-GDhwkLfywWL2s6vEjyhri+eXmfH6j1L7JE27WhqLeYzoh/A3DBaYGEj2H/HFZCn/kMfim73FXxEJTw06WtxQwg==",
      "tarball": "https://registry.npmmirror.com/readdirp/-/readdirp-4.1.2.tgz"
    },
    "require-from-string@2.0.2": {
      "integrity": "sha512-Xf0nWe6RseziFMu+Ap9biiUbmplq6S9/p+7w7YXP/JBHhrUDDUhwa+vANyubuqfZWTveU//DYVGsDG7RKL/vEw==",
      "tarball": "https://registry.npmmirror.com/require-from-string/-/require-from-string-2.0.2.tgz"
    },
    "retry@0.13.1": {
      "integrity": "sha512-XQBQ3I8W1Cge0Seh+6gjj03LbmRFWuoszgK9ooCpwYIrhhoO80pfq4cUkU5DkknwfOfFteRwlZ56PYOGYyFWdg==",
      "tarball": "https://registry.npmmirror.com/retry/-/retry-0.13.1.tgz"
    },
    "semver@7.7.3": {
      "integrity": "sha512-SdsKMrI9TdgjdweUSR9MweHA4EJ8YxHn8DFaDisvhVlUOe4BF1tLD7GAj0lIqWVl+dPb/rExr0Btby5loQm20Q==",
      "bin": true,
      "tarball": "https://registry.npmmirror.com/semver/-/semver-7.7.3.tgz"
    },
    "shebang-command@2.0.0": {
      "integrity": "sha512-kHxr2zZpYtdmrN1qDjrrX/Z1rR1kG8Dx+gkpK1G4eXmvXswmcE1hTWBWYUzlraYw1/yZp6YuDY77YtvbN0dmDA==",
      "dependencies": [
        "shebang-regex"
      ],
      "tarball": "https://registry.npmmirror.com/shebang-command/-/shebang-command-2.0.0.tgz"
    },
    "shebang-regex@3.0.0": {
      "integrity": "sha512-7++dFhtcx3353uBaq8DDR4NuxBetBzC7ZQOhmTQInHEd6bSrXdiEyzCvG07Z44UYdLShWUyXt5M/yhz8ekcb1A==",
      "tarball": "https://registry.npmmirror.com/shebang-regex/-/shebang-regex-3.0.0.tgz"
    },
    "signal-exit@4.1.0": {
      "integrity": "sha512-bzyZ1e88w9O1iNJbKnOlvYTrWPDl46O1bG0D3XInv+9tkPrxrN8jUUTiFlDkkmKWgn1M6CfIA13SuGqOa9Korw==",
      "tarball": "https://registry.npmmirror.com/signal-exit/-/signal-exit-4.1.0.tgz"
    },
    "slashes@3.0.12": {
      "integrity": "sha512-Q9VME8WyGkc7pJf6QEkj3wE+2CnvZMI+XJhwdTPR8Z/kWQRXi7boAWLDibRPyHRTUTPx5FaU7MsyrjI3yLB4HA==",
      "tarball": "https://registry.npmmirror.com/slashes/-/slashes-3.0.12.tgz"
    },
    "strip-final-newline@3.0.0": {
      "integrity": "sha512-dOESqjYr96iWYylGObzd39EuNTa5VJxyvVAEm5Jnh7KGo75V43Hk1odPQkNDyXNmUR6k+gEiDVXnjB8HJ3crXw==",
      "tarball": "https://registry.npmmirror.com/strip-final-newline/-/strip-final-newline-3.0.0.tgz"
    },
    "supports-color@7.2.0": {
      "integrity": "sha512-qpCAvRl9stuOHveKsn7HncJRvv501qIacKzQlO/+Lwxc9+0q2wLyv4Dfvt80/DPn2pqOBsJdDiogXGR9+OvwRw==",
      "dependencies": [
        "has-flag"
      ],
      "tarball": "https://registry.npmmirror.com/supports-color/-/supports-color-7.2.0.tgz"
    },
    "tar@7.5.1": {
      "integrity": "sha512-nlGpxf+hv0v7GkWBK2V9spgactGOp0qvfWRxUMjqHyzrt3SgwE48DIv/FhqPHJYLHpgW1opq3nERbz5Anq7n1g==",
      "dependencies": [
        "@isaacs/fs-minipass",
        "chownr",
        "minipass",
        "minizlib",
        "yallist"
      ],
      "tarball": "https://registry.npmmirror.com/tar/-/tar-7.5.1.tgz"
    },
    "tmp-promise@3.0.3": {
      "integrity": "sha512-RwM7MoPojPxsOBYnyd2hy0bxtIlVrihNs9pj5SUvY8Zz1sQcQG2tG1hSr8PDxfgEB8RNKDhqbIlroIarSNDNsQ==",
      "dependencies": [
        "tmp"
      ],
      "tarball": "https://registry.npmmirror.com/tmp-promise/-/tmp-promise-3.0.3.tgz"
    },
    "tmp@0.2.5": {
      "integrity": "sha512-voyz6MApa1rQGUxT3E+BK7/ROe8itEx7vD8/HEvt4xwXucvQ5G5oeEiHkmHZJuBO21RpOf+YYm9MOivj709jow==",
      "tarball": "https://registry.npmmirror.com/tmp/-/tmp-0.2.5.tgz"
    },
    "tslib@2.8.1": {
      "integrity": "sha512-oJFu94HQb+KVduSUQL7wnpmqnfmLsOA/nAh6b6EH0wCEoK0/mPeXU6c3wKDV83MkOuHPRHtSXKKU99IBazS/2w==",
      "tarball": "https://registry.npmmirror.com/tslib/-/tslib-2.8.1.tgz"
    },
    "type-fest@4.41.0": {
      "integrity": "sha512-TeTSQ6H5YHvpqVwBRcnLDCBnDOHWYu7IvGbHT6N8AOymcr9PJGjc1GTtiWZTYg0NCgYwvnYWEkVChQAr9bjfwA==",
      "tarball": "https://registry.npmmirror.com/type-fest/-/type-fest-4.41.0.tgz"
    },
    "unicorn-magic@0.1.0": {
      "integrity": "sha512-lRfVq8fE8gz6QMBuDM6a+LO3IAzTi05H6gCVaUpir2E1Rwpo4ZUog45KpNXKC/Mn3Yb9UDuHumeFTo9iV/D9FQ==",
      "tarball": "https://registry.npmmirror.com/unicorn-magic/-/unicorn-magic-0.1.0.tgz"
    },
    "urlpattern-polyfill@10.1.0": {
      "integrity": "sha512-IGjKp/o0NL3Bso1PymYURCJxMPNAf/ILOpendP9f5B6e1rTJgdgiOvgfoT8VxCAdY+Wisb9uhGaJJf3yZ2V9nw==",
      "tarball": "https://registry.npmmirror.com/urlpattern-polyfill/-/urlpattern-polyfill-10.1.0.tgz"
    },
    "urlpattern-polyfill@8.0.2": {
      "integrity": "sha512-Qp95D4TPJl1kC9SKigDcqgyM2VDVO4RiJc2d4qe5GrYm+zbIQCWWKAFaJNQ4BhdFeDGwBmAxqJBwWSJDb9T3BQ==",
      "tarball": "https://registry.npmmirror.com/urlpattern-polyfill/-/urlpattern-polyfill-8.0.2.tgz"
    },
    "uuid@11.1.0": {
      "integrity": "sha512-0/A9rDy9P7cJ+8w1c9WD9V//9Wj15Ce2MPz8Ri6032usz+NfePxx5AcN3bN+r6ZL6jEo066/yNYB3tn4pQEx+A==",
      "bin": true,
      "tarball": "https://registry.npmmirror.com/uuid/-/uuid-11.1.0.tgz"
    },
    "which@2.0.2": {
      "integrity": "sha512-BLI3Tl1TW3Pvl70l3yq3Y64i+awpwXqsGBYWkkqMtnbXgrMD+yj7rhW0kuEDxzJaYXGjEW5ogapKNMEKNMjibA==",
      "dependencies": [
        "isexe"
      ],
      "bin": true,
      "tarball": "https://registry.npmmirror.com/which/-/which-2.0.2.tgz"
    },
    "write-file-atomic@5.0.1": {
      "integrity": "sha512-+QU2zd6OTD8XWIJCbffaiQeH9U73qIqafo1x6V1snCWYGJf6cVE0cDR4D8xRzcEnfI21IFrUPzPGtcPf8AC+Rw==",
      "dependencies": [
        "imurmurhash",
        "signal-exit"
      ],
      "tarball": "https://registry.npmmirror.com/write-file-atomic/-/write-file-atomic-5.0.1.tgz"
    },
    "yallist@5.0.0": {
      "integrity": "sha512-YgvUTfwqyc7UXVMrB+SImsVYSmTS8X/tSrtdNZMImM+n7+QTriRXyXim0mBrTXNeqzVF0KWGgHPeiyViFFrNDw==",
      "tarball": "https://registry.npmmirror.com/yallist/-/yallist-5.0.0.tgz"
    },
    "yocto-queue@1.2.1": {
      "integrity": "sha512-AyeEbWOu/TAXdxlV9wmGcR0+yh2j3vYPGOECcIj2S7MkrLyC7ne+oye2BKTItt0ii2PHk4cDy+95+LshzbXnGg==",
      "tarball": "https://registry.npmmirror.com/yocto-queue/-/yocto-queue-1.2.1.tgz"
    }
  },
  "workspace": {
    "dependencies": [
      "npm:@netlify/edge-functions@^2.19.0"
    ]
  }
}
