{
  "name": "netlify.hyrious.me",
  "lockfileVersion": 3,
  "requires": true,
  "packages": {
    "": {
      "name": "netlify.hyrious.me",
      "devDependencies": {
        "@netlify/edge-functions": "^2.10.0"
      }
    },
    "node_modules/@netlify/edge-functions": {
      "version": "2.10.0",
      "resolved": "https://registry.npmmirror.com/@netlify/edge-functions/-/edge-functions-2.10.0.tgz",
      "integrity": "sha512-toDBus02KyXTeErqXh9mFjH5ocGwSDO8w9q1TkSincqExtm8TMITg3iXr4/SPKE17nKt+olsEuIry5hyM8OJBQ==",
      "dev": true,
      "license": "MIT"
    }
  }
}
